// !$*UTF8*$!
{
	archiveVersion = 1;
	classes = {
	};
	objectVersion = 50;
	objects = {

/* Begin PBXBuildFile section */
		B980C7F521E4300F005FD6BA /* AppDelegate.swift in Sources */ = {isa = PBXBuildFile; fileRef = B980C7F421E4300F005FD6BA /* AppDelegate.swift */; };
		B980C7F721E43010005FD6BA /* ViewController.swift in Sources */ = {isa = PBXBuildFile; fileRef = B980C7F621E43010005FD6BA /* ViewController.swift */; };
		B980C7FA21E43010005FD6BA /* Main.storyboard in Resources */ = {isa = PBXBuildFile; fileRef = B980C7F821E43010005FD6BA /* Main.storyboard */; };
		B980C7FC21E43012005FD6BA /* Assets.xcassets in Resources */ = {isa = PBXBuildFile; fileRef = B980C7FB21E43012005FD6BA /* Assets.xcassets */; };
		B980C7FF21E43012005FD6BA /* LaunchScreen.storyboard in Resources */ = {isa = PBXBuildFile; fileRef = B980C7FD21E43012005FD6BA /* LaunchScreen.storyboard */; };
		B980C80A21E43012005FD6BA /* EasyTabStripTests.swift in Sources */ = {isa = PBXBuildFile; fileRef = B980C80921E43012005FD6BA /* EasyTabStripTests.swift */; };
		B980C81521E43012005FD6BA /* EasyTabStripUITests.swift in Sources */ = {isa = PBXBuildFile; fileRef = B980C81421E43012005FD6BA /* EasyTabStripUITests.swift */; };
/* End PBXBuildFile section */

/* Begin PBXContainerItemProxy section */
		B980C80621E43012005FD6BA /* PBXContainerItemProxy */ = {
			isa = PBXContainerItemProxy;
			containerPortal = B980C7E921E4300F005FD6BA /* Project object */;
			proxyType = 1;
			remoteGlobalIDString = B980C7F021E4300F005FD6BA;
			remoteInfo = EasyTabStrip;
		};
		B980C81121E43012005FD6BA /* PBXContainerItemProxy */ = {
			isa = PBXContainerItemProxy;
			containerPortal = B980C7E921E4300F005FD6BA /* Project object */;
			proxyType = 1;
			remoteGlobalIDString = B980C7F021E4300F005FD6BA;
			remoteInfo = EasyTabStrip;
		};
/* End PBXContainerItemProxy section */

/* Begin PBXFileReference section */
		B980C7F121E4300F005FD6BA /* EasyTabStrip.app */ = {isa = PBXFileReference; explicitFileType = wrapper.application; includeInIndex = 0; path = EasyTabStrip.app; sourceTree = BUILT_PRODUCTS_DIR; };
		B980C7F421E4300F005FD6BA /* AppDelegate.swift */ = {isa = PBXFileReference; lastKnownFileType = sourcecode.swift; path = AppDelegate.swift; sourceTree = "<group>"; };
		B980C7F621E43010005FD6BA /* ViewController.swift */ = {isa = PBXFileReference; lastKnownFileType = sourcecode.swift; path = ViewController.swift; sourceTree = "<group>"; };
		B980C7F921E43010005FD6BA /* Base */ = {isa = PBXFileReference; lastKnownFileType = file.storyboard; name = Base; path = Base.lproj/Main.storyboard; sourceTree = "<group>"; };
		B980C7FB21E43012005FD6BA /* Assets.xcassets */ = {isa = PBXFileReference; lastKnownFileType = folder.assetcatalog; path = Assets.xcassets; sourceTree = "<group>"; };
		B980C7FE21E43012005FD6BA /* Base */ = {isa = PBXFileReference; lastKnownFileType = file.storyboard; name = Base; path = Base.lproj/LaunchScreen.storyboard; sourceTree = "<group>"; };
		B980C80021E43012005FD6BA /* Info.plist */ = {isa = PBXFileReference; lastKnownFileType = text.plist.xml; path = Info.plist; sourceTree = "<group>"; };
		B980C80521E43012005FD6BA /* EasyTabStripTests.xctest */ = {isa = PBXFileReference; explicitFileType = wrapper.cfbundle; includeInIndex = 0; path = EasyTabStripTests.xctest; sourceTree = BUILT_PRODUCTS_DIR; };
		B980C80921E43012005FD6BA /* EasyTabStripTests.swift */ = {isa = PBXFileReference; lastKnownFileType = sourcecode.swift; path = EasyTabStripTests.swift; sourceTree = "<group>"; };
		B980C80B21E43012005FD6BA /* Info.plist */ = {isa = PBXFileReference; lastKnownFileType = text.plist.xml; path = Info.plist; sourceTree = "<group>"; };
		B980C81021E43012005FD6BA /* EasyTabStripUITests.xctest */ = {isa = PBXFileReference; explicitFileType = wrapper.cfbundle; includeInIndex = 0; path = EasyTabStripUITests.xctest; sourceTree = BUILT_PRODUCTS_DIR; };
		B980C81421E43012005FD6BA /* EasyTabStripUITests.swift */ = {isa = PBXFileReference; lastKnownFileType = sourcecode.swift; path = EasyTabStripUITests.swift; sourceTree = "<group>"; };
		B980C81621E43012005FD6BA /* Info.plist */ = {isa = PBXFileReference; lastKnownFileType = text.plist.xml; path = Info.plist; sourceTree = "<group>"; };
/* End PBXFileReference section */

/* Begin PBXFrameworksBuildPhase section */
		B980C7EE21E4300F005FD6BA /* Frameworks */ = {
			isa = PBXFrameworksBuildPhase;
			buildActionMask = 2147483647;
			files = (
			);
			runOnlyForDeploymentPostprocessing = 0;
		};
		B980C80221E43012005FD6BA /* Frameworks */ = {
			isa = PBXFrameworksBuildPhase;
			buildActionMask = 2147483647;
			files = (
			);
			runOnlyForDeploymentPostprocessing = 0;
		};
		B980C80D21E43012005FD6BA /* Frameworks */ = {
			isa = PBXFrameworksBuildPhase;
			buildActionMask = 2147483647;
			files = (
			);
			runOnlyForDeploymentPostprocessing = 0;
		};
/* End PBXFrameworksBuildPhase section */

/* Begin PBXGroup section */
		B980C7E821E4300F005FD6BA = {
			isa = PBXGroup;
			children = (
				B980C7F321E4300F005FD6BA /* EasyTabStrip */,
				B980C80821E43012005FD6BA /* EasyTabStripTests */,
				B980C81321E43012005FD6BA /* EasyTabStripUITests */,
				B980C7F221E4300F005FD6BA /* Products */,
			);
			sourceTree = "<group>";
		};
		B980C7F221E4300F005FD6BA /* Products */ = {
			isa = PBXGroup;
			children = (
				B980C7F121E4300F005FD6BA /* EasyTabStrip.app */,
				B980C80521E43012005FD6BA /* EasyTabStripTests.xctest */,
				B980C81021E43012005FD6BA /* EasyTabStripUITests.xctest */,
			);
			name = Products;
			sourceTree = "<group>";
		};
		B980C7F321E4300F005FD6BA /* EasyTabStrip */ = {
			isa = PBXGroup;
			children = (
				B980C7F421E4300F005FD6BA /* AppDelegate.swift */,
				B980C7F621E43010005FD6BA /* ViewController.swift */,
				B980C7F821E43010005FD6BA /* Main.storyboard */,
				B980C7FB21E43012005FD6BA /* Assets.xcassets */,
				B980C7FD21E43012005FD6BA /* LaunchScreen.storyboard */,
				B980C80021E43012005FD6BA /* Info.plist */,
			);
			path = EasyTabStrip;
			sourceTree = "<group>";
		};
		B980C80821E43012005FD6BA /* EasyTabStripTests */ = {
			isa = PBXGroup;
			children = (
				B980C80921E43012005FD6BA /* EasyTabStripTests.swift */,
				B980C80B21E43012005FD6BA /* Info.plist */,
			);
			path = EasyTabStripTests;
			sourceTree = "<group>";
		};
		B980C81321E43012005FD6BA /* EasyTabStripUITests */ = {
			isa = PBXGroup;
			children = (
				B980C81421E43012005FD6BA /* EasyTabStripUITests.swift */,
				B980C81621E43012005FD6BA /* Info.plist */,
			);
			path = EasyTabStripUITests;
			sourceTree = "<group>";
		};
/* End PBXGroup section */

/* Begin PBXNativeTarget section */
		B980C7F021E4300F005FD6BA /* EasyTabStrip */ = {
			isa = PBXNativeTarget;
			buildConfigurationList = B980C81921E43012005FD6BA /* Build configuration list for PBXNativeTarget "EasyTabStrip" */;
			buildPhases = (
				B980C7ED21E4300F005FD6BA /* Sources */,
				B980C7EE21E4300F005FD6BA /* Frameworks */,
				B980C7EF21E4300F005FD6BA /* Resources */,
			);
			buildRules = (
			);
			dependencies = (
			);
			name = EasyTabStrip;
			productName = EasyTabStrip;
			productReference = B980C7F121E4300F005FD6BA /* EasyTabStrip.app */;
			productType = "com.apple.product-type.application";
		};
		B980C80421E43012005FD6BA /* EasyTabStripTests */ = {
			isa = PBXNativeTarget;
			buildConfigurationList = B980C81C21E43012005FD6BA /* Build configuration list for PBXNativeTarget "EasyTabStripTests" */;
			buildPhases = (
				B980C80121E43012005FD6BA /* Sources */,
				B980C80221E43012005FD6BA /* Frameworks */,
				B980C80321E43012005FD6BA /* Resources */,
			);
			buildRules = (
			);
			dependencies = (
				B980C80721E43012005FD6BA /* PBXTargetDependency */,
			);
			name = EasyTabStripTests;
			productName = EasyTabStripTests;
			productReference = B980C80521E43012005FD6BA /* EasyTabStripTests.xctest */;
			productType = "com.apple.product-type.bundle.unit-test";
		};
		B980C80F21E43012005FD6BA /* EasyTabStripUITests */ = {
			isa = PBXNativeTarget;
			buildConfigurationList = B980C81F21E43012005FD6BA /* Build configuration list for PBXNativeTarget "EasyTabStripUITests" */;
			buildPhases = (
				B980C80C21E43012005FD6BA /* Sources */,
				B980C80D21E43012005FD6BA /* Frameworks */,
				B980C80E21E43012005FD6BA /* Resources */,
			);
			buildRules = (
			);
			dependencies = (
				B980C81221E43012005FD6BA /* PBXTargetDependency */,
			);
			name = EasyTabStripUITests;
			productName = EasyTabStripUITests;
			productReference = B980C81021E43012005FD6BA /* EasyTabStripUITests.xctest */;
			productType = "com.apple.product-type.bundle.ui-testing";
		};
/* End PBXNativeTarget section */

/* Begin PBXProject section */
		B980C7E921E4300F005FD6BA /* Project object */ = {
			isa = PBXProject;
			attributes = {
				LastSwiftUpdateCheck = 1010;
				LastUpgradeCheck = 1010;
				ORGANIZATIONNAME = "Rodrigo Cioletti";
				TargetAttributes = {
					B980C7F021E4300F005FD6BA = {
						CreatedOnToolsVersion = 10.1;
					};
					B980C80421E43012005FD6BA = {
						CreatedOnToolsVersion = 10.1;
						TestTargetID = B980C7F021E4300F005FD6BA;
					};
					B980C80F21E43012005FD6BA = {
						CreatedOnToolsVersion = 10.1;
						TestTargetID = B980C7F021E4300F005FD6BA;
					};
				};
			};
			buildConfigurationList = B980C7EC21E4300F005FD6BA /* Build configuration list for PBXProject "EasyTabStrip" */;
			compatibilityVersion = "Xcode 9.3";
			developmentRegion = en;
			hasScannedForEncodings = 0;
			knownRegions = (
				en,
				Base,
			);
			mainGroup = B980C7E821E4300F005FD6BA;
			productRefGroup = B980C7F221E4300F005FD6BA /* Products */;
			projectDirPath = "";
			projectRoot = "";
			targets = (
				B980C7F021E4300F005FD6BA /* EasyTabStrip */,
				B980C80421E43012005FD6BA /* EasyTabStripTests */,
				B980C80F21E43012005FD6BA /* EasyTabStripUITests */,
			);
		};
/* End PBXProject section */

/* Begin PBXResourcesBuildPhase section */
		B980C7EF21E4300F005FD6BA /* Resources */ = {
			isa = PBXResourcesBuildPhase;
			buildActionMask = 2147483647;
			files = (
				B980C7FF21E43012005FD6BA /* LaunchScreen.storyboard in Resources */,
				B980C7FC21E43012005FD6BA /* Assets.xcassets in Resources */,
				B980C7FA21E43010005FD6BA /* Main.storyboard in Resources */,
			);
			runOnlyForDeploymentPostprocessing = 0;
		};
		B980C80321E43012005FD6BA /* Resources */ = {
			isa = PBXResourcesBuildPhase;
			buildActionMask = 2147483647;
			files = (
			);
			runOnlyForDeploymentPostprocessing = 0;
		};
		B980C80E21E43012005FD6BA /* Resources */ = {
			isa = PBXResourcesBuildPhase;
			buildActionMask = 2147483647;
			files = (
			);
			runOnlyForDeploymentPostprocessing = 0;
		};
/* End PBXResourcesBuildPhase section */

/* Begin PBXSourcesBuildPhase section */
		B980C7ED21E4300F005FD6BA /* Sources */ = {
			isa = PBXSourcesBuildPhase;
			buildActionMask = 2147483647;
			files = (
				B980C7F721E43010005FD6BA /* ViewController.swift in Sources */,
				B980C7F521E4300F005FD6BA /* AppDelegate.swift in Sources */,
			);
			runOnlyForDeploymentPostprocessing = 0;
		};
		B980C80121E43012005FD6BA /* Sources */ = {
			isa = PBXSourcesBuildPhase;
			buildActionMask = 2147483647;
			files = (
				B980C80A21E43012005FD6BA /* EasyTabStripTests.swift in Sources */,
			);
			runOnlyForDeploymentPostprocessing = 0;
		};
		B980C80C21E43012005FD6BA /* Sources */ = {
			isa = PBXSourcesBuildPhase;
			buildActionMask = 2147483647;
			files = (
				B980C81521E43012005FD6BA /* EasyTabStripUITests.swift in Sources */,
			);
			runOnlyForDeploymentPostprocessing = 0;
		};
/* End PBXSourcesBuildPhase section */

/* Begin PBXTargetDependency section */
		B980C80721E43012005FD6BA /* PBXTargetDependency */ = {
			isa = PBXTargetDependency;
			target = B980C7F021E4300F005FD6BA /* EasyTabStrip */;
			targetProxy = B980C80621E43012005FD6BA /* PBXContainerItemProxy */;
		};
		B980C81221E43012005FD6BA /* PBXTargetDependency */ = {
			isa = PBXTargetDependency;
			target = B980C7F021E4300F005FD6BA /* EasyTabStrip */;
			targetProxy = B980C81121E43012005FD6BA /* PBXContainerItemProxy */;
		};
/* End PBXTargetDependency section */

/* Begin PBXVariantGroup section */
		B980C7F821E43010005FD6BA /* Main.storyboard */ = {
			isa = PBXVariantGroup;
			children = (
				B980C7F921E43010005FD6BA /* Base */,
			);
			name = Main.storyboard;
			sourceTree = "<group>";
		};
		B980C7FD21E43012005FD6BA /* LaunchScreen.storyboard */ = {
			isa = PBXVariantGroup;
			children = (
				B980C7FE21E43012005FD6BA /* Base */,
			);
			name = LaunchScreen.storyboard;
			sourceTree = "<group>";
		};
/* End PBXVariantGroup section */

/* Begin XCBuildConfiguration section */
		B980C81721E43012005FD6BA /* Debug */ = {
			isa = XCBuildConfiguration;
			buildSettings = {
				ALWAYS_SEARCH_USER_PATHS = NO;
				CLANG_ANALYZER_NONNULL = YES;
				CLANG_ANALYZER_NUMBER_OBJECT_CONVERSION = YES_AGGRESSIVE;
				CLANG_CXX_LANGUAGE_STANDARD = "gnu++14";
				CLANG_CXX_LIBRARY = "libc++";
				CLANG_ENABLE_MODULES = YES;
				CLANG_ENABLE_OBJC_ARC = YES;
				CLANG_ENABLE_OBJC_WEAK = YES;
				CLANG_WARN_BLOCK_CAPTURE_AUTORELEASING = YES;
				CLANG_WARN_BOOL_CONVERSION = YES;
				CLANG_WARN_COMMA = YES;
				CLANG_WARN_CONSTANT_CONVERSION = YES;
				CLANG_WARN_DEPRECATED_OBJC_IMPLEMENTATIONS = YES;
				CLANG_WARN_DIRECT_OBJC_ISA_USAGE = YES_ERROR;
				CLANG_WARN_DOCUMENTATION_COMMENTS = YES;
				CLANG_WARN_EMPTY_BODY = YES;
				CLANG_WARN_ENUM_CONVERSION = YES;
				CLANG_WARN_INFINITE_RECURSION = YES;
				CLANG_WARN_INT_CONVERSION = YES;
				CLANG_WARN_NON_LITERAL_NULL_CONVERSION = YES;
				CLANG_WARN_OBJC_IMPLICIT_RETAIN_SELF = YES;
				CLANG_WARN_OBJC_LITERAL_CONVERSION = YES;
				CLANG_WARN_OBJC_ROOT_CLASS = YES_ERROR;
				CLANG_WARN_RANGE_LOOP_ANALYSIS = YES;
				CLANG_WARN_STRICT_PROTOTYPES = YES;
				CLANG_WARN_SUSPICIOUS_MOVE = YES;
				CLANG_WARN_UNGUARDED_AVAILABILITY = YES_AGGRESSIVE;
				CLANG_WARN_UNREACHABLE_CODE = YES;
				CLANG_WARN__DUPLICATE_METHOD_MATCH = YES;
				CODE_SIGN_IDENTITY = "iPhone Developer";
				COPY_PHASE_STRIP = NO;
				DEBUG_INFORMATION_FORMAT = dwarf;
				ENABLE_STRICT_OBJC_MSGSEND = YES;
				ENABLE_TESTABILITY = YES;
				GCC_C_LANGUAGE_STANDARD = gnu11;
				GCC_DYNAMIC_NO_PIC = NO;
				GCC_NO_COMMON_BLOCKS = YES;
				GCC_OPTIMIZATION_LEVEL = 0;
				GCC_PREPROCESSOR_DEFINITIONS = (
					"DEBUG=1",
					"$(inherited)",
				);
				GCC_WARN_64_TO_32_BIT_CONVERSION = YES;
				GCC_WARN_ABOUT_RETURN_TYPE = YES_ERROR;
				GCC_WARN_UNDECLARED_SELECTOR = YES;
				GCC_WARN_UNINITIALIZED_AUTOS = YES_AGGRESSIVE;
				GCC_WARN_UNUSED_FUNCTION = YES;
				GCC_WARN_UNUSED_VARIABLE = YES;
				IPHONEOS_DEPLOYMENT_TARGET = 12.1;
				MTL_ENABLE_DEBUG_INFO = INCLUDE_SOURCE;
				MTL_FAST_MATH = YES;
				ONLY_ACTIVE_ARCH = YES;
				SDKROOT = iphoneos;
				SWIFT_ACTIVE_COMPILATION_CONDITIONS = DEBUG;
				SWIFT_OPTIMIZATION_LEVEL = "-Onone";
			};
			name = Debug;
		};
		B980C81821E43012005FD6BA /* Release */ = {
			isa = XCBuildConfiguration;
			buildSettings = {
				ALWAYS_SEARCH_USER_PATHS = NO;
				CLANG_ANALYZER_NONNULL = YES;
				CLANG_ANALYZER_NUMBER_OBJECT_CONVERSION = YES_AGGRESSIVE;
				CLANG_CXX_LANGUAGE_STANDARD = "gnu++14";
				CLANG_CXX_LIBRARY = "libc++";
				CLANG_ENABLE_MODULES = YES;
				CLANG_ENABLE_OBJC_ARC = YES;
				CLANG_ENABLE_OBJC_WEAK = YES;
				CLANG_WARN_BLOCK_CAPTURE_AUTORELEASING = YES;
				CLANG_WARN_BOOL_CONVERSION = YES;
				CLANG_WARN_COMMA = YES;
				CLANG_WARN_CONSTANT_CONVERSION = YES;
				CLANG_WARN_DEPRECATED_OBJC_IMPLEMENTATIONS = YES;
				CLANG_WARN_DIRECT_OBJC_ISA_USAGE = YES_ERROR;
				CLANG_WARN_DOCUMENTATION_COMMENTS = YES;
				CLANG_WARN_EMPTY_BODY = YES;
				CLANG_WARN_ENUM_CONVERSION = YES;
				CLANG_WARN_INFINITE_RECURSION = YES;
				CLANG_WARN_INT_CONVERSION = YES;
				CLANG_WARN_NON_LITERAL_NULL_CONVERSION = YES;
				CLANG_WARN_OBJC_IMPLICIT_RETAIN_SELF = YES;
				CLANG_WARN_OBJC_LITERAL_CONVERSION = YES;
				CLANG_WARN_OBJC_ROOT_CLASS = YES_ERROR;
				CLANG_WARN_RANGE_LOOP_ANALYSIS = YES;
				CLANG_WARN_STRICT_PROTOTYPES = YES;
				CLANG_WARN_SUSPICIOUS_MOVE = YES;
				CLANG_WARN_UNGUARDED_AVAILABILITY = YES_AGGRESSIVE;
				CLANG_WARN_UNREACHABLE_CODE = YES;
				CLANG_WARN__DUPLICATE_METHOD_MATCH = YES;
				CODE_SIGN_IDENTITY = "iPhone Developer";
				COPY_PHASE_STRIP = NO;
				DEBUG_INFORMATION_FORMAT = "dwarf-with-dsym";
				ENABLE_NS_ASSERTIONS = NO;
				ENABLE_STRICT_OBJC_MSGSEND = YES;
				GCC_C_LANGUAGE_STANDARD = gnu11;
				GCC_NO_COMMON_BLOCKS = YES;
				GCC_WARN_64_TO_32_BIT_CONVERSION = YES;
				GCC_WARN_ABOUT_RETURN_TYPE = YES_ERROR;
				GCC_WARN_UNDECLARED_SELECTOR = YES;
				GCC_WARN_UNINITIALIZED_AUTOS = YES_AGGRESSIVE;
				GCC_WARN_UNUSED_FUNCTION = YES;
				GCC_WARN_UNUSED_VARIABLE = YES;
				IPHONEOS_DEPLOYMENT_TARGET = 12.1;
				MTL_ENABLE_DEBUG_INFO = NO;
				MTL_FAST_MATH = YES;
				SDKROOT = iphoneos;
				SWIFT_COMPILATION_MODE = wholemodule;
				SWIFT_OPTIMIZATION_LEVEL = "-O";
				VALIDATE_PRODUCT = YES;
			};
			name = Release;
		};
		B980C81A21E43012005FD6BA /* Debug */ = {
			isa = XCBuildConfiguration;
			buildSettings = {
				ASSETCATALOG_COMPILER_APPICON_NAME = AppIcon;
				CODE_SIGN_STYLE = Automatic;
				DEVELOPMENT_TEAM = 6K9VX24J4L;
				INFOPLIST_FILE = EasyTabStrip/Info.plist;
				LD_RUNPATH_SEARCH_PATHS = (
					"$(inherited)",
					"@executable_path/Frameworks",
				);
				PRODUCT_BUNDLE_IDENTIFIER = com.cioletti.EasyTabStrip;
				PRODUCT_NAME = "$(TARGET_NAME)";
				SWIFT_VERSION = 4.2;
				TARGETED_DEVICE_FAMILY = "1,2";
			};
			name = Debug;
		};
		B980C81B21E43012005FD6BA /* Release */ = {
			isa = XCBuildConfiguration;
			buildSettings = {
				ASSETCATALOG_COMPILER_APPICON_NAME = AppIcon;
				CODE_SIGN_STYLE = Automatic;
				DEVELOPMENT_TEAM = 6K9VX24J4L;
				INFOPLIST_FILE = EasyTabStrip/Info.plist;
				LD_RUNPATH_SEARCH_PATHS = (
					"$(inherited)",
					"@executable_path/Frameworks",
				);
				PRODUCT_BUNDLE_IDENTIFIER = com.cioletti.EasyTabStrip;
				PRODUCT_NAME = "$(TARGET_NAME)";
				SWIFT_VERSION = 4.2;
				TARGETED_DEVICE_FAMILY = "1,2";
			};
			name = Release;
		};
		B980C81D21E43012005FD6BA /* Debug */ = {
			isa = XCBuildConfiguration;
			buildSettings = {
				ALWAYS_EMBED_SWIFT_STANDARD_LIBRARIES = YES;
				BUNDLE_LOADER = "$(TEST_HOST)";
				CODE_SIGN_STYLE = Automatic;
				INFOPLIST_FILE = EasyTabStripTests/Info.plist;
				LD_RUNPATH_SEARCH_PATHS = (
					"$(inherited)",
					"@executable_path/Frameworks",
					"@loader_path/Frameworks",
				);
				PRODUCT_BUNDLE_IDENTIFIER = com.cioletti.EasyTabStripTests;
				PRODUCT_NAME = "$(TARGET_NAME)";
				SWIFT_VERSION = 4.2;
				TARGETED_DEVICE_FAMILY = "1,2";
				TEST_HOST = "$(BUILT_PRODUCTS_DIR)/EasyTabStrip.app/EasyTabStrip";
			};
			name = Debug;
		};
		B980C81E21E43012005FD6BA /* Release */ = {
			isa = XCBuildConfiguration;
			buildSettings = {
				ALWAYS_EMBED_SWIFT_STANDARD_LIBRARIES = YES;
				BUNDLE_LOADER = "$(TEST_HOST)";
				CODE_SIGN_STYLE = Automatic;
				INFOPLIST_FILE = EasyTabStripTests/Info.plist;
				LD_RUNPATH_SEARCH_PATHS = (
					"$(inherited)",
					"@executable_path/Frameworks",
					"@loader_path/Frameworks",
				);
				PRODUCT_BUNDLE_IDENTIFIER = com.cioletti.EasyTabStripTests;
				PRODUCT_NAME = "$(TARGET_NAME)";
				SWIFT_VERSION = 4.2;
				TARGETED_DEVICE_FAMILY = "1,2";
				TEST_HOST = "$(BUILT_PRODUCTS_DIR)/EasyTabStrip.app/EasyTabStrip";
			};
			name = Release;
		};
		B980C82021E43012005FD6BA /* Debug */ = {
			isa = XCBuildConfiguration;
			buildSettings = {
				ALWAYS_EMBED_SWIFT_STANDARD_LIBRARIES = YES;
				CODE_SIGN_STYLE = Automatic;
				INFOPLIST_FILE = EasyTabStripUITests/Info.plist;
				LD_RUNPATH_SEARCH_PATHS = (
					"$(inherited)",
					"@executable_path/Frameworks",
					"@loader_path/Frameworks",
				);
				PRODUCT_BUNDLE_IDENTIFIER = com.cioletti.EasyTabStripUITests;
				PRODUCT_NAME = "$(TARGET_NAME)";
				SWIFT_VERSION = 4.2;
				TARGETED_DEVICE_FAMILY = "1,2";
				TEST_TARGET_NAME = EasyTabStrip;
			};
			name = Debug;
		};
		B980C82121E43012005FD6BA /* Release */ = {
			isa = XCBuildConfiguration;
			buildSettings = {
				ALWAYS_EMBED_SWIFT_STANDARD_LIBRARIES = YES;
				CODE_SIGN_STYLE = Automatic;
				INFOPLIST_FILE = EasyTabStripUITests/Info.plist;
				LD_RUNPATH_SEARCH_PATHS = (
					"$(inherited)",
					"@executable_path/Frameworks",
					"@loader_path/Frameworks",
				);
				PRODUCT_BUNDLE_IDENTIFIER = com.cioletti.EasyTabStripUITests;
				PRODUCT_NAME = "$(TARGET_NAME)";
				SWIFT_VERSION = 4.2;
				TARGETED_DEVICE_FAMILY = "1,2";
				TEST_TARGET_NAME = EasyTabStrip;
			};
			name = Release;
		};
/* End XCBuildConfiguration section */

/* Begin XCConfigurationList section */
		B980C7EC21E4300F005FD6BA /* Build configuration list for PBXProject "EasyTabStrip" */ = {
			isa = XCConfigurationList;
			buildConfigurations = (
				B980C81721E43012005FD6BA /* Debug */,
				B980C81821E43012005FD6BA /* Release */,
			);
			defaultConfigurationIsVisible = 0;
			defaultConfigurationName = Release;
		};
		B980C81921E43012005FD6BA /* Build configuration list for PBXNativeTarget "EasyTabStrip" */ = {
			isa = XCConfigurationList;
			buildConfigurations = (
				B980C81A21E43012005FD6BA /* Debug */,
				B980C81B21E43012005FD6BA /* Release */,
			);
			defaultConfigurationIsVisible = 0;
			defaultConfigurationName = Release;
		};
		B980C81C21E43012005FD6BA /* Build configuration list for PBXNativeTarget "EasyTabStripTests" */ = {
			isa = XCConfigurationList;
			buildConfigurations = (
				B980C81D21E43012005FD6BA /* Debug */,
				B980C81E21E43012005FD6BA /* Release */,
			);
			defaultConfigurationIsVisible = 0;
			defaultConfigurationName = Release;
		};
		B980C81F21E43012005FD6BA /* Build configuration list for PBXNativeTarget "EasyTabStripUITests" */ = {
			isa = XCConfigurationList;
			buildConfigurations = (
				B980C82021E43012005FD6BA /* Debug */,
				B980C82121E43012005FD6BA /* Release */,
			);
			defaultConfigurationIsVisible = 0;
			defaultConfigurationName = Release;
		};
/* End XCConfigurationList section */
	};
	rootObject = B980C7E921E4300F005FD6BA /* Project object */;
}
